
Microsoft Visual Studio Solution File, Format Version 12.00
Project("{FAE04EC0-301F-11D3-BF4B-00C04F79EFBC}") = "GrpcGraphQlWebSockets", "GrpcGraphQlWebSockets\GrpcGraphQlWebSockets.csproj", "{47878516-79C4-42FA-AD70-48E07DF42B01}"
EndProject
Project("{FAE04EC0-301F-11D3-BF4B-00C04F79EFBC}") = "SignalRClient", "SignalRClient\SignalRClient.csproj", "{617B0B54-E9E6-4BB1-91B6-FD2F9829FDAC}"
EndProject
Global
	GlobalSection(SolutionConfigurationPlatforms) = preSolution
		Debug|Any CPU = Debug|Any CPU
		Release|Any CPU = Release|Any CPU
	EndGlobalSection
	GlobalSection(ProjectConfigurationPlatforms) = postSolution
		{47878516-79C4-42FA-AD70-48E07DF42B01}.Debug|Any CPU.ActiveCfg = Debug|Any CPU
		{47878516-79C4-42FA-AD70-48E07DF42B01}.Debug|Any CPU.Build.0 = Debug|Any CPU
		{47878516-79C4-42FA-AD70-48E07DF42B01}.Release|Any CPU.ActiveCfg = Release|Any CPU
		{47878516-79C4-42FA-AD70-48E07DF42B01}.Release|Any CPU.Build.0 = Release|Any CPU
		{617B0B54-E9E6-4BB1-91B6-FD2F9829FDAC}.Debug|Any CPU.ActiveCfg = Debug|Any CPU
		{617B0B54-E9E6-4BB1-91B6-FD2F9829FDAC}.Debug|Any CPU.Build.0 = Debug|Any CPU
		{617B0B54-E9E6-4BB1-91B6-FD2F9829FDAC}.Release|Any CPU.ActiveCfg = Release|Any CPU
		{617B0B54-E9E6-4BB1-91B6-FD2F9829FDAC}.Release|Any CPU.Build.0 = Release|Any CPU
	EndGlobalSection
EndGlobal
